
Microsoft Visual Studio Solution File, Format Version 12.00
# Visual Studio Version 17
VisualStudioVersion = 17.3.32922.545
MinimumVisualStudioVersion = 10.0.40219.1
Project("{8BC9CEB8-8B4A-11D0-8D11-00A0C91BC942}") = "hw3.17", "hw3.17\hw3.17.vcxproj", "{F480E55B-9F88-4241-A76E-60879F0856EF}"
EndProject
Project("{8BC9CEB8-8B4A-11D0-8D11-00A0C91BC942}") = "hw3.18", "hw3.18\hw3.18.vcxproj", "{E97B54DC-8AA2-4935-B1EC-2970778D02B1}"
EndProject
Project("{8BC9CEB8-8B4A-11D0-8D11-00A0C91BC942}") = "hw3.19", "hw3.19\hw3.19.vcxproj", "{1A4BBA1F-F652-4525-8B4E-B2C3E18E068F}"
EndProject
Project("{8BC9CEB8-8B4A-11D0-8D11-00A0C91BC942}") = "hw3.20", "hw3.20\hw3.20.vcxproj", "{1B82AAE6-22AA-4912-8516-8EE7A7D2AD72}"
EndProject
Project("{8BC9CEB8-8B4A-11D0-8D11-00A0C91BC942}") = "hw3.33", "hw3.33\hw3.33.vcxproj", "{98157690-7931-49BE-B44A-1A177B2F1804}"
EndProject
Project("{8BC9CEB8-8B4A-11D0-8D11-00A0C91BC942}") = "hw4.15", "hw4.15\hw4.15.vcxproj", "{13FB95B6-7C6B-422A-9922-7B479932EE3C}"
EndProject
Project("{8BC9CEB8-8B4A-11D0-8D11-00A0C91BC942}") = "hw4.16", "hw4.16\hw4.16.vcxproj", "{16AC2640-4F8A-430F-99BC-D85118F0FBB5}"
EndProject
Project("{8BC9CEB8-8B4A-11D0-8D11-00A0C91BC942}") = "hw4.27", "hw4.27\hw4.27.vcxproj", "{BF4375D3-6BFC-4814-85B6-00E9A620A3C9}"
EndProject
Project("{8BC9CEB8-8B4A-11D0-8D11-00A0C91BC942}") = "hw4.28", "hw4.28\hw4.28.vcxproj", "{455DCA7E-FE5B-4166-8F01-E4F0E25C7ED1}"
EndProject
Project("{8BC9CEB8-8B4A-11D0-8D11-00A0C91BC942}") = "hw4.31", "hw4.31\hw4.31.vcxproj", "{421E4722-AAC3-42AF-B916-94C43E737643}"
EndProject
Global
	GlobalSection(SolutionConfigurationPlatforms) = preSolution
		Debug|x64 = Debug|x64
		Debug|x86 = Debug|x86
		Release|x64 = Release|x64
		Release|x86 = Release|x86
	EndGlobalSection
	GlobalSection(ProjectConfigurationPlatforms) = postSolution
		{F480E55B-9F88-4241-A76E-60879F0856EF}.Debug|x64.ActiveCfg = Debug|x64
		{F480E55B-9F88-4241-A76E-60879F0856EF}.Debug|x64.Build.0 = Debug|x64
		{F480E55B-9F88-4241-A76E-60879F0856EF}.Debug|x86.ActiveCfg = Debug|Win32
		{F480E55B-9F88-4241-A76E-60879F0856EF}.Debug|x86.Build.0 = Debug|Win32
		{F480E55B-9F88-4241-A76E-60879F0856EF}.Release|x64.ActiveCfg = Release|x64
		{F480E55B-9F88-4241-A76E-60879F0856EF}.Release|x64.Build.0 = Release|x64
		{F480E55B-9F88-4241-A76E-60879F0856EF}.Release|x86.ActiveCfg = Release|Win32
		{F480E55B-9F88-4241-A76E-60879F0856EF}.Release|x86.Build.0 = Release|Win32
		{E97B54DC-8AA2-4935-B1EC-2970778D02B1}.Debug|x64.ActiveCfg = Debug|x64
		{E97B54DC-8AA2-4935-B1EC-2970778D02B1}.Debug|x64.Build.0 = Debug|x64
		{E97B54DC-8AA2-4935-B1EC-2970778D02B1}.Debug|x86.ActiveCfg = Debug|Win32
		{E97B54DC-8AA2-4935-B1EC-2970778D02B1}.Debug|x86.Build.0 = Debug|Win32
		{E97B54DC-8AA2-4935-B1EC-2970778D02B1}.Release|x64.ActiveCfg = Release|x64
		{E97B54DC-8AA2-4935-B1EC-2970778D02B1}.Release|x64.Build.0 = Release|x64
		{E97B54DC-8AA2-4935-B1EC-2970778D02B1}.Release|x86.ActiveCfg = Release|Win32
		{E97B54DC-8AA2-4935-B1EC-2970778D02B1}.Release|x86.Build.0 = Release|Win32
		{1A4BBA1F-F652-4525-8B4E-B2C3E18E068F}.Debug|x64.ActiveCfg = Debug|x64
		{1A4BBA1F-F652-4525-8B4E-B2C3E18E068F}.Debug|x64.Build.0 = Debug|x64
		{1A4BBA1F-F652-4525-8B4E-B2C3E18E068F}.Debug|x86.ActiveCfg = Debug|Win32
		{1A4BBA1F-F652-4525-8B4E-B2C3E18E068F}.Debug|x86.Build.0 = Debug|Win32
		{1A4BBA1F-F652-4525-8B4E-B2C3E18E068F}.Release|x64.ActiveCfg = Release|x64
		{1A4BBA1F-F652-4525-8B4E-B2C3E18E068F}.Release|x64.Build.0 = Release|x64
		{1A4BBA1F-F652-4525-8B4E-B2C3E18E068F}.Release|x86.ActiveCfg = Release|Win32
		{1A4BBA1F-F652-4525-8B4E-B2C3E18E068F}.Release|x86.Build.0 = Release|Win32
		{1B82AAE6-22AA-4912-8516-8EE7A7D2AD72}.Debug|x64.ActiveCfg = Debug|x64
		{1B82AAE6-22AA-4912-8516-8EE7A7D2AD72}.Debug|x64.Build.0 = Debug|x64
		{1B82AAE6-22AA-4912-8516-8EE7A7D2AD72}.Debug|x86.ActiveCfg = Debug|Win32
		{1B82AAE6-22AA-4912-8516-8EE7A7D2AD72}.Debug|x86.Build.0 = Debug|Win32
		{1B82AAE6-22AA-4912-8516-8EE7A7D2AD72}.Release|x64.ActiveCfg = Release|x64
		{1B82AAE6-22AA-4912-8516-8EE7A7D2AD72}.Release|x64.Build.0 = Release|x64
		{1B82AAE6-22AA-4912-8516-8EE7A7D2AD72}.Release|x86.ActiveCfg = Release|Win32
		{1B82AAE6-22AA-4912-8516-8EE7A7D2AD72}.Release|x86.Build.0 = Release|Win32
		{98157690-7931-49BE-B44A-1A177B2F1804}.Debug|x64.ActiveCfg = Debug|x64
		{98157690-7931-49BE-B44A-1A177B2F1804}.Debug|x64.Build.0 = Debug|x64
		{98157690-7931-49BE-B44A-1A177B2F1804}.Debug|x86.ActiveCfg = Debug|Win32
		{98157690-7931-49BE-B44A-1A177B2F1804}.Debug|x86.Build.0 = Debug|Win32
		{98157690-7931-49BE-B44A-1A177B2F1804}.Release|x64.ActiveCfg = Release|x64
		{98157690-7931-49BE-B44A-1A177B2F1804}.Release|x64.Build.0 = Release|x64
		{98157690-7931-49BE-B44A-1A177B2F1804}.Release|x86.ActiveCfg = Release|Win32
		{98157690-7931-49BE-B44A-1A177B2F1804}.Release|x86.Build.0 = Release|Win32
		{13FB95B6-7C6B-422A-9922-7B479932EE3C}.Debug|x64.ActiveCfg = Debug|x64
		{13FB95B6-7C6B-422A-9922-7B479932EE3C}.Debug|x64.Build.0 = Debug|x64
		{13FB95B6-7C6B-422A-9922-7B479932EE3C}.Debug|x86.ActiveCfg = Debug|Win32
		{13FB95B6-7C6B-422A-9922-7B479932EE3C}.Debug|x86.Build.0 = Debug|Win32
		{13FB95B6-7C6B-422A-9922-7B479932EE3C}.Release|x64.ActiveCfg = Release|x64
		{13FB95B6-7C6B-422A-9922-7B479932EE3C}.Release|x64.Build.0 = Release|x64
		{13FB95B6-7C6B-422A-9922-7B479932EE3C}.Release|x86.ActiveCfg = Release|Win32
		{13FB95B6-7C6B-422A-9922-7B479932EE3C}.Release|x86.Build.0 = Release|Win32
		{16AC2640-4F8A-430F-99BC-D85118F0FBB5}.Debug|x64.ActiveCfg = Debug|x64
		{16AC2640-4F8A-430F-99BC-D85118F0FBB5}.Debug|x64.Build.0 = Debug|x64
		{16AC2640-4F8A-430F-99BC-D85118F0FBB5}.Debug|x86.ActiveCfg = Debug|Win32
		{16AC2640-4F8A-430F-99BC-D85118F0FBB5}.Debug|x86.Build.0 = Debug|Win32
		{16AC2640-4F8A-430F-99BC-D85118F0FBB5}.Release|x64.ActiveCfg = Release|x64
		{16AC2640-4F8A-430F-99BC-D85118F0FBB5}.Release|x64.Build.0 = Release|x64
		{16AC2640-4F8A-430F-99BC-D85118F0FBB5}.Release|x86.ActiveCfg = Release|Win32
		{16AC2640-4F8A-430F-99BC-D85118F0FBB5}.Release|x86.Build.0 = Release|Win32
		{BF4375D3-6BFC-4814-85B6-00E9A620A3C9}.Debug|x64.ActiveCfg = Debug|x64
		{BF4375D3-6BFC-4814-85B6-00E9A620A3C9}.Debug|x64.Build.0 = Debug|x64
		{BF4375D3-6BFC-4814-85B6-00E9A620A3C9}.Debug|x86.ActiveCfg = Debug|Win32
		{BF4375D3-6BFC-4814-85B6-00E9A620A3C9}.Debug|x86.Build.0 = Debug|Win32
		{BF4375D3-6BFC-4814-85B6-00E9A620A3C9}.Release|x64.ActiveCfg = Release|x64
		{BF4375D3-6BFC-4814-85B6-00E9A620A3C9}.Release|x64.Build.0 = Release|x64
		{BF4375D3-6BFC-4814-85B6-00E9A620A3C9}.Release|x86.ActiveCfg = Release|Win32
		{BF4375D3-6BFC-4814-85B6-00E9A620A3C9}.Release|x86.Build.0 = Release|Win32
		{455DCA7E-FE5B-4166-8F01-E4F0E25C7ED1}.Debug|x64.ActiveCfg = Debug|x64
		{455DCA7E-FE5B-4166-8F01-E4F0E25C7ED1}.Debug|x64.Build.0 = Debug|x64
		{455DCA7E-FE5B-4166-8F01-E4F0E25C7ED1}.Debug|x86.ActiveCfg = Debug|Win32
		{455DCA7E-FE5B-4166-8F01-E4F0E25C7ED1}.Debug|x86.Build.0 = Debug|Win32
		{455DCA7E-FE5B-4166-8F01-E4F0E25C7ED1}.Release|x64.ActiveCfg = Release|x64
		{455DCA7E-FE5B-4166-8F01-E4F0E25C7ED1}.Release|x64.Build.0 = Release|x64
		{455DCA7E-FE5B-4166-8F01-E4F0E25C7ED1}.Release|x86.ActiveCfg = Release|Win32
		{455DCA7E-FE5B-4166-8F01-E4F0E25C7ED1}.Release|x86.Build.0 = Release|Win32
		{421E4722-AAC3-42AF-B916-94C43E737643}.Debug|x64.ActiveCfg = Debug|x64
		{421E4722-AAC3-42AF-B916-94C43E737643}.Debug|x64.Build.0 = Debug|x64
		{421E4722-AAC3-42AF-B916-94C43E737643}.Debug|x86.ActiveCfg = Debug|Win32
		{421E4722-AAC3-42AF-B916-94C43E737643}.Debug|x86.Build.0 = Debug|Win32
		{421E4722-AAC3-42AF-B916-94C43E737643}.Release|x64.ActiveCfg = Release|x64
		{421E4722-AAC3-42AF-B916-94C43E737643}.Release|x64.Build.0 = Release|x64
		{421E4722-AAC3-42AF-B916-94C43E737643}.Release|x86.ActiveCfg = Release|Win32
		{421E4722-AAC3-42AF-B916-94C43E737643}.Release|x86.Build.0 = Release|Win32
	EndGlobalSection
	GlobalSection(SolutionProperties) = preSolution
		HideSolutionNode = FALSE
	EndGlobalSection
	GlobalSection(ExtensibilityGlobals) = postSolution
		SolutionGuid = {0FBD4EDC-FDDA-42A6-A867-CD18DB02E135}
	EndGlobalSection
EndGlobal
